{
  "object": {
    "pins": [
      {
        "package": "GraphicsLibs.Swift",
        "repositoryURL": "https://github.com/Hideyuki-Machida/GraphicsLibs.Swift",
        "state": {
          "branch": "master",
          "revision": "f8217e8bb3af77add4ad59ace8e52c71f9708a94",
          "version": null
        }
      },
      {
        "package": "ProcessLogger.Swift",
        "repositoryURL": "https://github.com/Hideyuki-Machida/ProcessLogger.Swift",
        "state": {
          "branch": "master",
          "revision": "624f37efdfca9f91a16f1e827f677ecf163153d0",
          "version": null
        }
      }
    ]
  },
  "version": 1
}
